// !$*UTF8*$!
{
	archiveVersion = 1;
	classes = {
	};
	objectVersion = 55;
	objects = {

/* Begin PBXBuildFile section */
		63FC8CD027B897C0005C398F /* AppDelegate.swift in Sources */ = {isa = PBXBuildFile; fileRef = 63FC8CCF27B897C0005C398F /* AppDelegate.swift */; };
		63FC8CD227B897C0005C398F /* SceneDelegate.swift in Sources */ = {isa = PBXBuildFile; fileRef = 63FC8CD127B897C0005C398F /* SceneDelegate.swift */; };
		63FC8CD727B897C0005C398F /* Main.storyboard in Resources */ = {isa = PBXBuildFile; fileRef = 63FC8CD527B897C0005C398F /* Main.storyboard */; };
		63FC8CD927B897C2005C398F /* Assets.xcassets in Resources */ = {isa = PBXBuildFile; fileRef = 63FC8CD827B897C2005C398F /* Assets.xcassets */; };
		63FC8CDC27B897C2005C398F /* LaunchScreen.storyboard in Resources */ = {isa = PBXBuildFile; fileRef = 63FC8CDA27B897C2005C398F /* LaunchScreen.storyboard */; };
		DDFD9AE827C862B1003AADB9 /* LoginViewController.swift in Sources */ = {isa = PBXBuildFile; fileRef = DDFD9AE627C862B1003AADB9 /* LoginViewController.swift */; };
		DDFD9AE927C862B1003AADB9 /* LoginView.xib in Resources */ = {isa = PBXBuildFile; fileRef = DDFD9AE727C862B1003AADB9 /* LoginView.xib */; };
		DDFD9AEB27C863DB003AADB9 /* MainViewController.swift in Sources */ = {isa = PBXBuildFile; fileRef = DDFD9AEA27C863DB003AADB9 /* MainViewController.swift */; };
		DDFD9AF327C917E9003AADB9 /* ServiceViewController.swift in Sources */ = {isa = PBXBuildFile; fileRef = DDFD9AF127C917E9003AADB9 /* ServiceViewController.swift */; };
		DDFD9AF427C917E9003AADB9 /* ServiceView.xib in Resources */ = {isa = PBXBuildFile; fileRef = DDFD9AF227C917E9003AADB9 /* ServiceView.xib */; };
		DDFD9AF827C948FB003AADB9 /* ServiceTableViewCell.swift in Sources */ = {isa = PBXBuildFile; fileRef = DDFD9AF627C948FB003AADB9 /* ServiceTableViewCell.swift */; };
		DDFD9AF927C948FB003AADB9 /* ServiceTableViewCell.xib in Resources */ = {isa = PBXBuildFile; fileRef = DDFD9AF727C948FB003AADB9 /* ServiceTableViewCell.xib */; };
		DDFD9AFC27C95790003AADB9 /* ServiceModel.swift in Sources */ = {isa = PBXBuildFile; fileRef = DDFD9AFB27C95790003AADB9 /* ServiceModel.swift */; };
		DDFD9B3A27CD709F003AADB9 /* .gitignore in Resources */ = {isa = PBXBuildFile; fileRef = DDFD9B3927CD709F003AADB9 /* .gitignore */; };
		DDFD9B3C27CD713D003AADB9 /* readme.md in Resources */ = {isa = PBXBuildFile; fileRef = DDFD9B3B27CD713D003AADB9 /* readme.md */; };
/* End PBXBuildFile section */

/* Begin PBXFileReference section */
		63FC8CCC27B897C0005C398F /* savtapp.ios.app */ = {isa = PBXFileReference; explicitFileType = wrapper.application; includeInIndex = 0; path = savtapp.ios.app; sourceTree = BUILT_PRODUCTS_DIR; };
		63FC8CCF27B897C0005C398F /* AppDelegate.swift */ = {isa = PBXFileReference; lastKnownFileType = sourcecode.swift; path = AppDelegate.swift; sourceTree = "<group>"; };
		63FC8CD127B897C0005C398F /* SceneDelegate.swift */ = {isa = PBXFileReference; lastKnownFileType = sourcecode.swift; path = SceneDelegate.swift; sourceTree = "<group>"; };
		63FC8CD627B897C0005C398F /* Base */ = {isa = PBXFileReference; lastKnownFileType = file.storyboard; name = Base; path = Base.lproj/Main.storyboard; sourceTree = "<group>"; };
		63FC8CD827B897C2005C398F /* Assets.xcassets */ = {isa = PBXFileReference; lastKnownFileType = folder.assetcatalog; path = Assets.xcassets; sourceTree = "<group>"; };
		63FC8CDB27B897C2005C398F /* Base */ = {isa = PBXFileReference; lastKnownFileType = file.storyboard; name = Base; path = Base.lproj/LaunchScreen.storyboard; sourceTree = "<group>"; };
		63FC8CDD27B897C2005C398F /* Info.plist */ = {isa = PBXFileReference; lastKnownFileType = text.plist.xml; path = Info.plist; sourceTree = "<group>"; };
		DDFD9AE627C862B1003AADB9 /* LoginViewController.swift */ = {isa = PBXFileReference; lastKnownFileType = sourcecode.swift; path = LoginViewController.swift; sourceTree = "<group>"; };
		DDFD9AE727C862B1003AADB9 /* LoginView.xib */ = {isa = PBXFileReference; lastKnownFileType = file.xib; path = LoginView.xib; sourceTree = "<group>"; };
		DDFD9AEA27C863DB003AADB9 /* MainViewController.swift */ = {isa = PBXFileReference; lastKnownFileType = sourcecode.swift; path = MainViewController.swift; sourceTree = "<group>"; };
		DDFD9AF127C917E9003AADB9 /* ServiceViewController.swift */ = {isa = PBXFileReference; lastKnownFileType = sourcecode.swift; path = ServiceViewController.swift; sourceTree = "<group>"; };
		DDFD9AF227C917E9003AADB9 /* ServiceView.xib */ = {isa = PBXFileReference; lastKnownFileType = file.xib; path = ServiceView.xib; sourceTree = "<group>"; };
		DDFD9AF627C948FB003AADB9 /* ServiceTableViewCell.swift */ = {isa = PBXFileReference; lastKnownFileType = sourcecode.swift; path = ServiceTableViewCell.swift; sourceTree = "<group>"; };
		DDFD9AF727C948FB003AADB9 /* ServiceTableViewCell.xib */ = {isa = PBXFileReference; lastKnownFileType = file.xib; path = ServiceTableViewCell.xib; sourceTree = "<group>"; };
		DDFD9AFB27C95790003AADB9 /* ServiceModel.swift */ = {isa = PBXFileReference; lastKnownFileType = sourcecode.swift; path = ServiceModel.swift; sourceTree = "<group>"; };
		DDFD9B3927CD709F003AADB9 /* .gitignore */ = {isa = PBXFileReference; fileEncoding = 4; lastKnownFileType = text; path = .gitignore; sourceTree = "<group>"; };
		DDFD9B3B27CD713D003AADB9 /* readme.md */ = {isa = PBXFileReference; fileEncoding = 4; lastKnownFileType = net.daringfireball.markdown; path = readme.md; sourceTree = "<group>"; };
/* End PBXFileReference section */

/* Begin PBXFrameworksBuildPhase section */
		63FC8CC927B897C0005C398F /* Frameworks */ = {
			isa = PBXFrameworksBuildPhase;
			buildActionMask = 2147483647;
			files = (
			);
			runOnlyForDeploymentPostprocessing = 0;
		};
/* End PBXFrameworksBuildPhase section */

/* Begin PBXGroup section */
		63FC8CC327B897C0005C398F = {
			isa = PBXGroup;
			children = (
				63FC8CCE27B897C0005C398F /* savtapp.ios */,
				DDFD9B3927CD709F003AADB9 /* .gitignore */,
				DDFD9B3B27CD713D003AADB9 /* readme.md */,
				63FC8CCD27B897C0005C398F /* Products */,
			);
			sourceTree = "<group>";
		};
		63FC8CCD27B897C0005C398F /* Products */ = {
			isa = PBXGroup;
			children = (
				63FC8CCC27B897C0005C398F /* savtapp.ios.app */,
			);
			name = Products;
			sourceTree = "<group>";
		};
		63FC8CCE27B897C0005C398F /* savtapp.ios */ = {
			isa = PBXGroup;
			children = (
				DDFD9AFA27C95768003AADB9 /* models */,
				63FC8CE327B9557E005C398F /* screens */,
				63FC8CCF27B897C0005C398F /* AppDelegate.swift */,
				63FC8CD127B897C0005C398F /* SceneDelegate.swift */,
				63FC8CD827B897C2005C398F /* Assets.xcassets */,
				63FC8CD527B897C0005C398F /* Main.storyboard */,
				DDFD9AEA27C863DB003AADB9 /* MainViewController.swift */,
				63FC8CDA27B897C2005C398F /* LaunchScreen.storyboard */,
				63FC8CDD27B897C2005C398F /* Info.plist */,
			);
			path = savtapp.ios;
			sourceTree = "<group>";
		};
		63FC8CE327B9557E005C398F /* screens */ = {
			isa = PBXGroup;
			children = (
				63FC8CE427B9558D005C398F /* login */,
				DDFD9AF027C917CC003AADB9 /* services */,
			);
			path = screens;
			sourceTree = "<group>";
		};
		63FC8CE427B9558D005C398F /* login */ = {
			isa = PBXGroup;
			children = (
				DDFD9AE627C862B1003AADB9 /* LoginViewController.swift */,
				DDFD9AE727C862B1003AADB9 /* LoginView.xib */,
			);
			path = login;
			sourceTree = "<group>";
		};
		DDFD9AF027C917CC003AADB9 /* services */ = {
			isa = PBXGroup;
			children = (
				DDFD9AF527C931D9003AADB9 /* components */,
				DDFD9AF127C917E9003AADB9 /* ServiceViewController.swift */,
				DDFD9AF227C917E9003AADB9 /* ServiceView.xib */,
			);
			path = services;
			sourceTree = "<group>";
		};
		DDFD9AF527C931D9003AADB9 /* components */ = {
			isa = PBXGroup;
			children = (
				DDFD9AF627C948FB003AADB9 /* ServiceTableViewCell.swift */,
				DDFD9AF727C948FB003AADB9 /* ServiceTableViewCell.xib */,
			);
			path = components;
			sourceTree = "<group>";
		};
		DDFD9AFA27C95768003AADB9 /* models */ = {
			isa = PBXGroup;
			children = (
				DDFD9AFB27C95790003AADB9 /* ServiceModel.swift */,
			);
			path = models;
			sourceTree = "<group>";
		};
/* End PBXGroup section */

/* Begin PBXNativeTarget section */
		63FC8CCB27B897C0005C398F /* savtapp.ios */ = {
			isa = PBXNativeTarget;
			buildConfigurationList = 63FC8CE027B897C2005C398F /* Build configuration list for PBXNativeTarget "savtapp.ios" */;
			buildPhases = (
				63FC8CC827B897C0005C398F /* Sources */,
				63FC8CC927B897C0005C398F /* Frameworks */,
				63FC8CCA27B897C0005C398F /* Resources */,
			);
			buildRules = (
			);
			dependencies = (
			);
			name = savtapp.ios;
			productName = savtapp.ios;
			productReference = 63FC8CCC27B897C0005C398F /* savtapp.ios.app */;
			productType = "com.apple.product-type.application";
		};
/* End PBXNativeTarget section */

/* Begin PBXProject section */
		63FC8CC427B897C0005C398F /* Project object */ = {
			isa = PBXProject;
			attributes = {
				BuildIndependentTargetsInParallel = 1;
				LastSwiftUpdateCheck = 1320;
				LastUpgradeCheck = 1320;
				TargetAttributes = {
					63FC8CCB27B897C0005C398F = {
						CreatedOnToolsVersion = 13.2.1;
					};
				};
			};
			buildConfigurationList = 63FC8CC727B897C0005C398F /* Build configuration list for PBXProject "savtapp.ios" */;
			compatibilityVersion = "Xcode 13.0";
			developmentRegion = en;
			hasScannedForEncodings = 0;
			knownRegions = (
				en,
				Base,
			);
			mainGroup = 63FC8CC327B897C0005C398F;
			productRefGroup = 63FC8CCD27B897C0005C398F /* Products */;
			projectDirPath = "";
			projectRoot = "";
			targets = (
				63FC8CCB27B897C0005C398F /* savtapp.ios */,
			);
		};
/* End PBXProject section */

/* Begin PBXResourcesBuildPhase section */
		63FC8CCA27B897C0005C398F /* Resources */ = {
			isa = PBXResourcesBuildPhase;
			buildActionMask = 2147483647;
			files = (
				DDFD9AF427C917E9003AADB9 /* ServiceView.xib in Resources */,
				DDFD9B3A27CD709F003AADB9 /* .gitignore in Resources */,
				DDFD9AE927C862B1003AADB9 /* LoginView.xib in Resources */,
				63FC8CDC27B897C2005C398F /* LaunchScreen.storyboard in Resources */,
				DDFD9AF927C948FB003AADB9 /* ServiceTableViewCell.xib in Resources */,
				63FC8CD927B897C2005C398F /* Assets.xcassets in Resources */,
				DDFD9B3C27CD713D003AADB9 /* readme.md in Resources */,
				63FC8CD727B897C0005C398F /* Main.storyboard in Resources */,
			);
			runOnlyForDeploymentPostprocessing = 0;
		};
/* End PBXResourcesBuildPhase section */

/* Begin PBXSourcesBuildPhase section */
		63FC8CC827B897C0005C398F /* Sources */ = {
			isa = PBXSourcesBuildPhase;
			buildActionMask = 2147483647;
			files = (
				DDFD9AE827C862B1003AADB9 /* LoginViewController.swift in Sources */,
				DDFD9AF827C948FB003AADB9 /* ServiceTableViewCell.swift in Sources */,
				63FC8CD027B897C0005C398F /* AppDelegate.swift in Sources */,
				63FC8CD227B897C0005C398F /* SceneDelegate.swift in Sources */,
				DDFD9AFC27C95790003AADB9 /* ServiceModel.swift in Sources */,
				DDFD9AF327C917E9003AADB9 /* ServiceViewController.swift in Sources */,
				DDFD9AEB27C863DB003AADB9 /* MainViewController.swift in Sources */,
			);
			runOnlyForDeploymentPostprocessing = 0;
		};
/* End PBXSourcesBuildPhase section */

/* Begin PBXVariantGroup section */
		63FC8CD527B897C0005C398F /* Main.storyboard */ = {
			isa = PBXVariantGroup;
			children = (
				63FC8CD627B897C0005C398F /* Base */,
			);
			name = Main.storyboard;
			sourceTree = "<group>";
		};
		63FC8CDA27B897C2005C398F /* LaunchScreen.storyboard */ = {
			isa = PBXVariantGroup;
			children = (
				63FC8CDB27B897C2005C398F /* Base */,
			);
			name = LaunchScreen.storyboard;
			sourceTree = "<group>";
		};
/* End PBXVariantGroup section */

/* Begin XCBuildConfiguration section */
		63FC8CDE27B897C2005C398F /* Debug */ = {
			isa = XCBuildConfiguration;
			buildSettings = {
				ALWAYS_SEARCH_USER_PATHS = NO;
				CLANG_ANALYZER_NONNULL = YES;
				CLANG_ANALYZER_NUMBER_OBJECT_CONVERSION = YES_AGGRESSIVE;
				CLANG_CXX_LANGUAGE_STANDARD = "gnu++17";
				CLANG_CXX_LIBRARY = "libc++";
				CLANG_ENABLE_MODULES = YES;
				CLANG_ENABLE_OBJC_ARC = YES;
				CLANG_ENABLE_OBJC_WEAK = YES;
				CLANG_WARN_BLOCK_CAPTURE_AUTORELEASING = YES;
				CLANG_WARN_BOOL_CONVERSION = YES;
				CLANG_WARN_COMMA = YES;
				CLANG_WARN_CONSTANT_CONVERSION = YES;
				CLANG_WARN_DEPRECATED_OBJC_IMPLEMENTATIONS = YES;
				CLANG_WARN_DIRECT_OBJC_ISA_USAGE = YES_ERROR;
				CLANG_WARN_DOCUMENTATION_COMMENTS = YES;
				CLANG_WARN_EMPTY_BODY = YES;
				CLANG_WARN_ENUM_CONVERSION = YES;
				CLANG_WARN_INFINITE_RECURSION = YES;
				CLANG_WARN_INT_CONVERSION = YES;
				CLANG_WARN_NON_LITERAL_NULL_CONVERSION = YES;
				CLANG_WARN_OBJC_IMPLICIT_RETAIN_SELF = YES;
				CLANG_WARN_OBJC_LITERAL_CONVERSION = YES;
				CLANG_WARN_OBJC_ROOT_CLASS = YES_ERROR;
				CLANG_WARN_QUOTED_INCLUDE_IN_FRAMEWORK_HEADER = YES;
				CLANG_WARN_RANGE_LOOP_ANALYSIS = YES;
				CLANG_WARN_STRICT_PROTOTYPES = YES;
				CLANG_WARN_SUSPICIOUS_MOVE = YES;
				CLANG_WARN_UNGUARDED_AVAILABILITY = YES_AGGRESSIVE;
				CLANG_WARN_UNREACHABLE_CODE = YES;
				CLANG_WARN__DUPLICATE_METHOD_MATCH = YES;
				COPY_PHASE_STRIP = NO;
				DEBUG_INFORMATION_FORMAT = dwarf;
				ENABLE_STRICT_OBJC_MSGSEND = YES;
				ENABLE_TESTABILITY = YES;
				GCC_C_LANGUAGE_STANDARD = gnu11;
				GCC_DYNAMIC_NO_PIC = NO;
				GCC_NO_COMMON_BLOCKS = YES;
				GCC_OPTIMIZATION_LEVEL = 0;
				GCC_PREPROCESSOR_DEFINITIONS = (
					"DEBUG=1",
					"$(inherited)",
				);
				GCC_WARN_64_TO_32_BIT_CONVERSION = YES;
				GCC_WARN_ABOUT_RETURN_TYPE = YES_ERROR;
				GCC_WARN_UNDECLARED_SELECTOR = YES;
				GCC_WARN_UNINITIALIZED_AUTOS = YES_AGGRESSIVE;
				GCC_WARN_UNUSED_FUNCTION = YES;
				GCC_WARN_UNUSED_VARIABLE = YES;
				IPHONEOS_DEPLOYMENT_TARGET = 15.2;
				MTL_ENABLE_DEBUG_INFO = INCLUDE_SOURCE;
				MTL_FAST_MATH = YES;
				ONLY_ACTIVE_ARCH = YES;
				SDKROOT = iphoneos;
				SWIFT_ACTIVE_COMPILATION_CONDITIONS = DEBUG;
				SWIFT_OPTIMIZATION_LEVEL = "-Onone";
			};
			name = Debug;
		};
		63FC8CDF27B897C2005C398F /* Release */ = {
			isa = XCBuildConfiguration;
			buildSettings = {
				ALWAYS_SEARCH_USER_PATHS = NO;
				CLANG_ANALYZER_NONNULL = YES;
				CLANG_ANALYZER_NUMBER_OBJECT_CONVERSION = YES_AGGRESSIVE;
				CLANG_CXX_LANGUAGE_STANDARD = "gnu++17";
				CLANG_CXX_LIBRARY = "libc++";
				CLANG_ENABLE_MODULES = YES;
				CLANG_ENABLE_OBJC_ARC = YES;
				CLANG_ENABLE_OBJC_WEAK = YES;
				CLANG_WARN_BLOCK_CAPTURE_AUTORELEASING = YES;
				CLANG_WARN_BOOL_CONVERSION = YES;
				CLANG_WARN_COMMA = YES;
				CLANG_WARN_CONSTANT_CONVERSION = YES;
				CLANG_WARN_DEPRECATED_OBJC_IMPLEMENTATIONS = YES;
				CLANG_WARN_DIRECT_OBJC_ISA_USAGE = YES_ERROR;
				CLANG_WARN_DOCUMENTATION_COMMENTS = YES;
				CLANG_WARN_EMPTY_BODY = YES;
				CLANG_WARN_ENUM_CONVERSION = YES;
				CLANG_WARN_INFINITE_RECURSION = YES;
				CLANG_WARN_INT_CONVERSION = YES;
				CLANG_WARN_NON_LITERAL_NULL_CONVERSION = YES;
				CLANG_WARN_OBJC_IMPLICIT_RETAIN_SELF = YES;
				CLANG_WARN_OBJC_LITERAL_CONVERSION = YES;
				CLANG_WARN_OBJC_ROOT_CLASS = YES_ERROR;
				CLANG_WARN_QUOTED_INCLUDE_IN_FRAMEWORK_HEADER = YES;
				CLANG_WARN_RANGE_LOOP_ANALYSIS = YES;
				CLANG_WARN_STRICT_PROTOTYPES = YES;
				CLANG_WARN_SUSPICIOUS_MOVE = YES;
				CLANG_WARN_UNGUARDED_AVAILABILITY = YES_AGGRESSIVE;
				CLANG_WARN_UNREACHABLE_CODE = YES;
				CLANG_WARN__DUPLICATE_METHOD_MATCH = YES;
				COPY_PHASE_STRIP = NO;
				DEBUG_INFORMATION_FORMAT = "dwarf-with-dsym";
				ENABLE_NS_ASSERTIONS = NO;
				ENABLE_STRICT_OBJC_MSGSEND = YES;
				GCC_C_LANGUAGE_STANDARD = gnu11;
				GCC_NO_COMMON_BLOCKS = YES;
				GCC_WARN_64_TO_32_BIT_CONVERSION = YES;
				GCC_WARN_ABOUT_RETURN_TYPE = YES_ERROR;
				GCC_WARN_UNDECLARED_SELECTOR = YES;
				GCC_WARN_UNINITIALIZED_AUTOS = YES_AGGRESSIVE;
				GCC_WARN_UNUSED_FUNCTION = YES;
				GCC_WARN_UNUSED_VARIABLE = YES;
				IPHONEOS_DEPLOYMENT_TARGET = 15.2;
				MTL_ENABLE_DEBUG_INFO = NO;
				MTL_FAST_MATH = YES;
				SDKROOT = iphoneos;
				SWIFT_COMPILATION_MODE = wholemodule;
				SWIFT_OPTIMIZATION_LEVEL = "-O";
				VALIDATE_PRODUCT = YES;
			};
			name = Release;
		};
		63FC8CE127B897C2005C398F /* Debug */ = {
			isa = XCBuildConfiguration;
			buildSettings = {
				ASSETCATALOG_COMPILER_APPICON_NAME = AppIcon;
				ASSETCATALOG_COMPILER_GLOBAL_ACCENT_COLOR_NAME = AccentColor;
				CODE_SIGN_STYLE = Automatic;
				CURRENT_PROJECT_VERSION = 1;
				DEVELOPMENT_TEAM = GLB476Z655;
				GENERATE_INFOPLIST_FILE = YES;
				INFOPLIST_FILE = savtapp.ios/Info.plist;
				INFOPLIST_KEY_UIApplicationSupportsIndirectInputEvents = YES;
				INFOPLIST_KEY_UILaunchStoryboardName = LaunchScreen;
				INFOPLIST_KEY_UIMainStoryboardFile = Main;
				INFOPLIST_KEY_UISupportedInterfaceOrientations = UIInterfaceOrientationPortrait;
				INFOPLIST_KEY_UISupportedInterfaceOrientations_iPad = "UIInterfaceOrientationPortrait UIInterfaceOrientationPortraitUpsideDown UIInterfaceOrientationLandscapeLeft UIInterfaceOrientationLandscapeRight";
				INFOPLIST_KEY_UISupportedInterfaceOrientations_iPhone = "UIInterfaceOrientationPortrait UIInterfaceOrientationLandscapeLeft UIInterfaceOrientationLandscapeRight";
				LD_RUNPATH_SEARCH_PATHS = (
					"$(inherited)",
					"@executable_path/Frameworks",
				);
				MARKETING_VERSION = 1.0;
				PRODUCT_BUNDLE_IDENTIFIER = "outrowender.savtapp-ios";
				PRODUCT_NAME = "$(TARGET_NAME)";
				SWIFT_EMIT_LOC_STRINGS = YES;
				SWIFT_VERSION = 5.0;
				TARGETED_DEVICE_FAMILY = 1;
			};
			name = Debug;
		};
		63FC8CE227B897C2005C398F /* Release */ = {
			isa = XCBuildConfiguration;
			buildSettings = {
				ASSETCATALOG_COMPILER_APPICON_NAME = AppIcon;
				ASSETCATALOG_COMPILER_GLOBAL_ACCENT_COLOR_NAME = AccentColor;
				CODE_SIGN_STYLE = Automatic;
				CURRENT_PROJECT_VERSION = 1;
				DEVELOPMENT_TEAM = GLB476Z655;
				GENERATE_INFOPLIST_FILE = YES;
				INFOPLIST_FILE = savtapp.ios/Info.plist;
				INFOPLIST_KEY_UIApplicationSupportsIndirectInputEvents = YES;
				INFOPLIST_KEY_UILaunchStoryboardName = LaunchScreen;
				INFOPLIST_KEY_UIMainStoryboardFile = Main;
				INFOPLIST_KEY_UISupportedInterfaceOrientations = UIInterfaceOrientationPortrait;
				INFOPLIST_KEY_UISupportedInterfaceOrientations_iPad = "UIInterfaceOrientationPortrait UIInterfaceOrientationPortraitUpsideDown UIInterfaceOrientationLandscapeLeft UIInterfaceOrientationLandscapeRight";
				INFOPLIST_KEY_UISupportedInterfaceOrientations_iPhone = "UIInterfaceOrientationPortrait UIInterfaceOrientationLandscapeLeft UIInterfaceOrientationLandscapeRight";
				LD_RUNPATH_SEARCH_PATHS = (
					"$(inherited)",
					"@executable_path/Frameworks",
				);
				MARKETING_VERSION = 1.0;
				PRODUCT_BUNDLE_IDENTIFIER = "outrowender.savtapp-ios";
				PRODUCT_NAME = "$(TARGET_NAME)";
				SWIFT_EMIT_LOC_STRINGS = YES;
				SWIFT_VERSION = 5.0;
				TARGETED_DEVICE_FAMILY = 1;
			};
			name = Release;
		};
/* End XCBuildConfiguration section */

/* Begin XCConfigurationList section */
		63FC8CC727B897C0005C398F /* Build configuration list for PBXProject "savtapp.ios" */ = {
			isa = XCConfigurationList;
			buildConfigurations = (
				63FC8CDE27B897C2005C398F /* Debug */,
				63FC8CDF27B897C2005C398F /* Release */,
			);
			defaultConfigurationIsVisible = 0;
			defaultConfigurationName = Release;
		};
		63FC8CE027B897C2005C398F /* Build configuration list for PBXNativeTarget "savtapp.ios" */ = {
			isa = XCConfigurationList;
			buildConfigurations = (
				63FC8CE127B897C2005C398F /* Debug */,
				63FC8CE227B897C2005C398F /* Release */,
			);
			defaultConfigurationIsVisible = 0;
			defaultConfigurationName = Release;
		};
/* End XCConfigurationList section */
	};
	rootObject = 63FC8CC427B897C0005C398F /* Project object */;
}
